
Microsoft Visual Studio Solution File, Format Version 12.00
# Visual Studio Version 17
VisualStudioVersion = 17.1.32113.165
MinimumVisualStudioVersion = 10.0.40219.1
Project("{2150E333-8FDC-42A3-9474-1A3956D46DE8}") = "Domain", "Domain", "{5AC90366-83BD-4431-AA30-CE0FB25976AE}"
EndProject
Project("{2150E333-8FDC-42A3-9474-1A3956D46DE8}") = "Application", "Application", "{D210E586-DEF7-4ACC-A666-587A529DE3ED}"
EndProject
Project("{2150E333-8FDC-42A3-9474-1A3956D46DE8}") = "Infrastructure", "Infrastructure", "{5D595E6D-5006-45FC-9A28-A0552256C5DA}"
EndProject
Project("{2150E333-8FDC-42A3-9474-1A3956D46DE8}") = "Presentation", "Presentation", "{507D5B63-92C4-44D6-B2FC-AEEE5A5ED8E8}"
EndProject
Project("{FAE04EC0-301F-11D3-BF4B-00C04F79EFBC}") = "CoreBusiness", "CoreBusiness\CoreBusiness.csproj", "{7C4CC19E-1B98-43FB-8A6F-F90BF8270C44}"
EndProject
Project("{2150E333-8FDC-42A3-9474-1A3956D46DE8}") = "src", "src", "{E43669A1-9AA3-4DD3-8B7F-4378783B2ABF}"
EndProject
Project("{FAE04EC0-301F-11D3-BF4B-00C04F79EFBC}") = "WASM", "WASM\WASM.csproj", "{9D1020CC-0CE7-42F8-B377-8484E45F2D93}"
EndProject
Project("{FAE04EC0-301F-11D3-BF4B-00C04F79EFBC}") = "API", "API\API.csproj", "{2AB06FBB-E8FB-47BC-89DB-6ED73FFBAEAD}"
EndProject
Project("{FAE04EC0-301F-11D3-BF4B-00C04F79EFBC}") = "Application", "Application\Application.csproj", "{DD81B4AF-067E-4269-8A7D-87200FD76DDE}"
EndProject
Project("{FAE04EC0-301F-11D3-BF4B-00C04F79EFBC}") = "Infrastructure", "Infrastructure\Infrastructure.csproj", "{6EA2764F-863E-4E5E-9F6D-2DA3C153F0B2}"
EndProject
Global
	GlobalSection(SolutionConfigurationPlatforms) = preSolution
		Debug|Any CPU = Debug|Any CPU
		Release|Any CPU = Release|Any CPU
	EndGlobalSection
	GlobalSection(ProjectConfigurationPlatforms) = postSolution
		{7C4CC19E-1B98-43FB-8A6F-F90BF8270C44}.Debug|Any CPU.ActiveCfg = Debug|Any CPU
		{7C4CC19E-1B98-43FB-8A6F-F90BF8270C44}.Debug|Any CPU.Build.0 = Debug|Any CPU
		{7C4CC19E-1B98-43FB-8A6F-F90BF8270C44}.Release|Any CPU.ActiveCfg = Release|Any CPU
		{7C4CC19E-1B98-43FB-8A6F-F90BF8270C44}.Release|Any CPU.Build.0 = Release|Any CPU
		{9D1020CC-0CE7-42F8-B377-8484E45F2D93}.Debug|Any CPU.ActiveCfg = Debug|Any CPU
		{9D1020CC-0CE7-42F8-B377-8484E45F2D93}.Debug|Any CPU.Build.0 = Debug|Any CPU
		{9D1020CC-0CE7-42F8-B377-8484E45F2D93}.Release|Any CPU.ActiveCfg = Release|Any CPU
		{9D1020CC-0CE7-42F8-B377-8484E45F2D93}.Release|Any CPU.Build.0 = Release|Any CPU
		{2AB06FBB-E8FB-47BC-89DB-6ED73FFBAEAD}.Debug|Any CPU.ActiveCfg = Debug|Any CPU
		{2AB06FBB-E8FB-47BC-89DB-6ED73FFBAEAD}.Debug|Any CPU.Build.0 = Debug|Any CPU
		{2AB06FBB-E8FB-47BC-89DB-6ED73FFBAEAD}.Release|Any CPU.ActiveCfg = Release|Any CPU
		{2AB06FBB-E8FB-47BC-89DB-6ED73FFBAEAD}.Release|Any CPU.Build.0 = Release|Any CPU
		{DD81B4AF-067E-4269-8A7D-87200FD76DDE}.Debug|Any CPU.ActiveCfg = Debug|Any CPU
		{DD81B4AF-067E-4269-8A7D-87200FD76DDE}.Debug|Any CPU.Build.0 = Debug|Any CPU
		{DD81B4AF-067E-4269-8A7D-87200FD76DDE}.Release|Any CPU.ActiveCfg = Release|Any CPU
		{DD81B4AF-067E-4269-8A7D-87200FD76DDE}.Release|Any CPU.Build.0 = Release|Any CPU
		{6EA2764F-863E-4E5E-9F6D-2DA3C153F0B2}.Debug|Any CPU.ActiveCfg = Debug|Any CPU
		{6EA2764F-863E-4E5E-9F6D-2DA3C153F0B2}.Debug|Any CPU.Build.0 = Debug|Any CPU
		{6EA2764F-863E-4E5E-9F6D-2DA3C153F0B2}.Release|Any CPU.ActiveCfg = Release|Any CPU
		{6EA2764F-863E-4E5E-9F6D-2DA3C153F0B2}.Release|Any CPU.Build.0 = Release|Any CPU
	EndGlobalSection
	GlobalSection(SolutionProperties) = preSolution
		HideSolutionNode = FALSE
	EndGlobalSection
	GlobalSection(NestedProjects) = preSolution
		{5AC90366-83BD-4431-AA30-CE0FB25976AE} = {E43669A1-9AA3-4DD3-8B7F-4378783B2ABF}
		{D210E586-DEF7-4ACC-A666-587A529DE3ED} = {E43669A1-9AA3-4DD3-8B7F-4378783B2ABF}
		{5D595E6D-5006-45FC-9A28-A0552256C5DA} = {E43669A1-9AA3-4DD3-8B7F-4378783B2ABF}
		{507D5B63-92C4-44D6-B2FC-AEEE5A5ED8E8} = {E43669A1-9AA3-4DD3-8B7F-4378783B2ABF}
		{7C4CC19E-1B98-43FB-8A6F-F90BF8270C44} = {5AC90366-83BD-4431-AA30-CE0FB25976AE}
		{9D1020CC-0CE7-42F8-B377-8484E45F2D93} = {507D5B63-92C4-44D6-B2FC-AEEE5A5ED8E8}
		{2AB06FBB-E8FB-47BC-89DB-6ED73FFBAEAD} = {507D5B63-92C4-44D6-B2FC-AEEE5A5ED8E8}
		{DD81B4AF-067E-4269-8A7D-87200FD76DDE} = {D210E586-DEF7-4ACC-A666-587A529DE3ED}
		{6EA2764F-863E-4E5E-9F6D-2DA3C153F0B2} = {5D595E6D-5006-45FC-9A28-A0552256C5DA}
	EndGlobalSection
	GlobalSection(ExtensibilityGlobals) = postSolution
		SolutionGuid = {D977F167-43DB-4E4A-B0DB-8BC7A0725C22}
	EndGlobalSection
EndGlobal
